
Microsoft Visual Studio Solution File, Format Version 12.00
# Visual Studio Version 17
VisualStudioVersion = 17.8.34330.188
MinimumVisualStudioVersion = 10.0.40219.1
Project("{FAE04EC0-301F-11D3-BF4B-00C04F79EFBC}") = "UserData", "UserData\UserData.csproj", "{367E0CE4-C957-4C5A-9A02-92F9091B39D4}"
EndProject
Global
	GlobalSection(SolutionConfigurationPlatforms) = preSolution
		Debug|Any CPU = Debug|Any CPU
		Release|Any CPU = Release|Any CPU
	EndGlobalSection
	GlobalSection(ProjectConfigurationPlatforms) = postSolution
		{367E0CE4-C957-4C5A-9A02-92F9091B39D4}.Debug|Any CPU.ActiveCfg = Debug|Any CPU
		{367E0CE4-C957-4C5A-9A02-92F9091B39D4}.Debug|Any CPU.Build.0 = Debug|Any CPU
		{367E0CE4-C957-4C5A-9A02-92F9091B39D4}.Release|Any CPU.ActiveCfg = Release|Any CPU
		{367E0CE4-C957-4C5A-9A02-92F9091B39D4}.Release|Any CPU.Build.0 = Release|Any CPU
	EndGlobalSection
	GlobalSection(SolutionProperties) = preSolution
		HideSolutionNode = FALSE
	EndGlobalSection
	GlobalSection(ExtensibilityGlobals) = postSolution
		SolutionGuid = {6EF36B8B-C249-4A83-89C2-F96ABC0E359B}
	EndGlobalSection
EndGlobal
